// !$*UTF8*$!
{
	archiveVersion = 1;
	classes = {
	};
	objectVersion = 46;
	objects = {

/* Begin PBXBuildFile section */
		0E8D915A1AE4BED300B036E9 /* main.m in Sources */ = {isa = PBXBuildFile; fileRef = 0E8D91591AE4BED300B036E9 /* main.m */; };
		0E8D915D1AE4BED300B036E9 /* AppDelegate.m in Sources */ = {isa = PBXBuildFile; fileRef = 0E8D915C1AE4BED300B036E9 /* AppDelegate.m */; };
		0E8D91601AE4BED300B036E9 /* ViewController.m in Sources */ = {isa = PBXBuildFile; fileRef = 0E8D915F1AE4BED300B036E9 /* ViewController.m */; };
		0E8D91651AE4BED300B036E9 /* Images.xcassets in Resources */ = {isa = PBXBuildFile; fileRef = 0E8D91641AE4BED300B036E9 /* Images.xcassets */; };
		0E8D91681AE4BED300B036E9 /* LaunchScreen.xib in Resources */ = {isa = PBXBuildFile; fileRef = 0E8D91661AE4BED300B036E9 /* LaunchScreen.xib */; };
		0E8D91741AE4BED400B036E9 /* SideMenuTests.m in Sources */ = {isa = PBXBuildFile; fileRef = 0E8D91731AE4BED400B036E9 /* SideMenuTests.m */; };
		0E8D917F1AE4BF1E00B036E9 /* LeftMenuViewController.m in Sources */ = {isa = PBXBuildFile; fileRef = 0E8D917E1AE4BF1E00B036E9 /* LeftMenuViewController.m */; };
		0E8D91821AE4BF3400B036E9 /* RightMenuViewController.m in Sources */ = {isa = PBXBuildFile; fileRef = 0E8D91811AE4BF3400B036E9 /* RightMenuViewController.m */; };
		0E8D91851AE4BF5500B036E9 /* MiddleViewController.m in Sources */ = {isa = PBXBuildFile; fileRef = 0E8D91841AE4BF5500B036E9 /* MiddleViewController.m */; };
		0EF495CB1AE7276E00EB5684 /* AboutMeViewController.m in Sources */ = {isa = PBXBuildFile; fileRef = 0EF495CA1AE7276E00EB5684 /* AboutMeViewController.m */; };
		0EF495CE1AE87BF600EB5684 /* User.m in Sources */ = {isa = PBXBuildFile; fileRef = 0EF495CD1AE87BF600EB5684 /* User.m */; };
		0EF496051AE9E55500EB5684 /* Settings.bundle in Resources */ = {isa = PBXBuildFile; fileRef = 0EF496041AE9E55500EB5684 /* Settings.bundle */; };
/* End PBXBuildFile section */

/* Begin PBXContainerItemProxy section */
		0E8D916E1AE4BED400B036E9 /* PBXContainerItemProxy */ = {
			isa = PBXContainerItemProxy;
			containerPortal = 0E8D914C1AE4BED300B036E9 /* Project object */;
			proxyType = 1;
			remoteGlobalIDString = 0E8D91531AE4BED300B036E9;
			remoteInfo = SideMenu;
		};
/* End PBXContainerItemProxy section */

/* Begin PBXFileReference section */
		0E8D91541AE4BED300B036E9 /* SideMenu.app */ = {isa = PBXFileReference; explicitFileType = wrapper.application; includeInIndex = 0; path = SideMenu.app; sourceTree = BUILT_PRODUCTS_DIR; };
		0E8D91581AE4BED300B036E9 /* Info.plist */ = {isa = PBXFileReference; lastKnownFileType = text.plist.xml; path = Info.plist; sourceTree = "<group>"; };
		0E8D91591AE4BED300B036E9 /* main.m */ = {isa = PBXFileReference; lastKnownFileType = sourcecode.c.objc; path = main.m; sourceTree = "<group>"; };
		0E8D915B1AE4BED300B036E9 /* AppDelegate.h */ = {isa = PBXFileReference; lastKnownFileType = sourcecode.c.h; path = AppDelegate.h; sourceTree = "<group>"; };
		0E8D915C1AE4BED300B036E9 /* AppDelegate.m */ = {isa = PBXFileReference; lastKnownFileType = sourcecode.c.objc; path = AppDelegate.m; sourceTree = "<group>"; };
		0E8D915E1AE4BED300B036E9 /* ViewController.h */ = {isa = PBXFileReference; lastKnownFileType = sourcecode.c.h; path = ViewController.h; sourceTree = "<group>"; };
		0E8D915F1AE4BED300B036E9 /* ViewController.m */ = {isa = PBXFileReference; lastKnownFileType = sourcecode.c.objc; path = ViewController.m; sourceTree = "<group>"; };
		0E8D91641AE4BED300B036E9 /* Images.xcassets */ = {isa = PBXFileReference; lastKnownFileType = folder.assetcatalog; path = Images.xcassets; sourceTree = "<group>"; };
		0E8D91671AE4BED300B036E9 /* Base */ = {isa = PBXFileReference; lastKnownFileType = file.xib; name = Base; path = Base.lproj/LaunchScreen.xib; sourceTree = "<group>"; };
		0E8D916D1AE4BED400B036E9 /* SideMenuTests.xctest */ = {isa = PBXFileReference; explicitFileType = wrapper.cfbundle; includeInIndex = 0; path = SideMenuTests.xctest; sourceTree = BUILT_PRODUCTS_DIR; };
		0E8D91721AE4BED400B036E9 /* Info.plist */ = {isa = PBXFileReference; lastKnownFileType = text.plist.xml; path = Info.plist; sourceTree = "<group>"; };
		0E8D91731AE4BED400B036E9 /* SideMenuTests.m */ = {isa = PBXFileReference; lastKnownFileType = sourcecode.c.objc; path = SideMenuTests.m; sourceTree = "<group>"; };
		0E8D917D1AE4BF1E00B036E9 /* LeftMenuViewController.h */ = {isa = PBXFileReference; fileEncoding = 4; lastKnownFileType = sourcecode.c.h; path = LeftMenuViewController.h; sourceTree = "<group>"; };
		0E8D917E1AE4BF1E00B036E9 /* LeftMenuViewController.m */ = {isa = PBXFileReference; fileEncoding = 4; lastKnownFileType = sourcecode.c.objc; path = LeftMenuViewController.m; sourceTree = "<group>"; };
		0E8D91801AE4BF3400B036E9 /* RightMenuViewController.h */ = {isa = PBXFileReference; fileEncoding = 4; lastKnownFileType = sourcecode.c.h; path = RightMenuViewController.h; sourceTree = "<group>"; };
		0E8D91811AE4BF3400B036E9 /* RightMenuViewController.m */ = {isa = PBXFileReference; fileEncoding = 4; lastKnownFileType = sourcecode.c.objc; path = RightMenuViewController.m; sourceTree = "<group>"; };
		0E8D91831AE4BF5500B036E9 /* MiddleViewController.h */ = {isa = PBXFileReference; fileEncoding = 4; lastKnownFileType = sourcecode.c.h; path = MiddleViewController.h; sourceTree = "<group>"; };
		0E8D91841AE4BF5500B036E9 /* MiddleViewController.m */ = {isa = PBXFileReference; fileEncoding = 4; lastKnownFileType = sourcecode.c.objc; path = MiddleViewController.m; sourceTree = "<group>"; };
		0E8D91861AE4BF8100B036E9 /* DefinatonsHeader.h */ = {isa = PBXFileReference; lastKnownFileType = sourcecode.c.h; path = DefinatonsHeader.h; sourceTree = "<group>"; };
		0EF495C91AE7276E00EB5684 /* AboutMeViewController.h */ = {isa = PBXFileReference; fileEncoding = 4; lastKnownFileType = sourcecode.c.h; path = AboutMeViewController.h; sourceTree = "<group>"; };
		0EF495CA1AE7276E00EB5684 /* AboutMeViewController.m */ = {isa = PBXFileReference; fileEncoding = 4; lastKnownFileType = sourcecode.c.objc; path = AboutMeViewController.m; sourceTree = "<group>"; };
		0EF495CC1AE87BF600EB5684 /* User.h */ = {isa = PBXFileReference; fileEncoding = 4; lastKnownFileType = sourcecode.c.h; name = User.h; path = ../User.h; sourceTree = "<group>"; };
		0EF495CD1AE87BF600EB5684 /* User.m */ = {isa = PBXFileReference; fileEncoding = 4; lastKnownFileType = sourcecode.c.objc; name = User.m; path = ../User.m; sourceTree = "<group>"; };
		0EF496041AE9E55500EB5684 /* Settings.bundle */ = {isa = PBXFileReference; lastKnownFileType = "wrapper.plug-in"; path = Settings.bundle; sourceTree = "<group>"; };
/* End PBXFileReference section */

/* Begin PBXFrameworksBuildPhase section */
		0E8D91511AE4BED300B036E9 /* Frameworks */ = {
			isa = PBXFrameworksBuildPhase;
			buildActionMask = 2147483647;
			files = (
			);
			runOnlyForDeploymentPostprocessing = 0;
		};
		0E8D916A1AE4BED400B036E9 /* Frameworks */ = {
			isa = PBXFrameworksBuildPhase;
			buildActionMask = 2147483647;
			files = (
			);
			runOnlyForDeploymentPostprocessing = 0;
		};
/* End PBXFrameworksBuildPhase section */

/* Begin PBXGroup section */
		0E8D914B1AE4BED300B036E9 = {
			isa = PBXGroup;
			children = (
				0EF496041AE9E55500EB5684 /* Settings.bundle */,
				0E8D91561AE4BED300B036E9 /* SideMenu */,
				0E8D91701AE4BED400B036E9 /* SideMenuTests */,
				0E8D91551AE4BED300B036E9 /* Products */,
			);
			sourceTree = "<group>";
		};
		0E8D91551AE4BED300B036E9 /* Products */ = {
			isa = PBXGroup;
			children = (
				0E8D91541AE4BED300B036E9 /* SideMenu.app */,
				0E8D916D1AE4BED400B036E9 /* SideMenuTests.xctest */,
			);
			name = Products;
			sourceTree = "<group>";
		};
		0E8D91561AE4BED300B036E9 /* SideMenu */ = {
			isa = PBXGroup;
			children = (
				0E8D915B1AE4BED300B036E9 /* AppDelegate.h */,
				0E8D915C1AE4BED300B036E9 /* AppDelegate.m */,
				0E8D915E1AE4BED300B036E9 /* ViewController.h */,
				0E8D915F1AE4BED300B036E9 /* ViewController.m */,
				0E8D91641AE4BED300B036E9 /* Images.xcassets */,
				0E8D91661AE4BED300B036E9 /* LaunchScreen.xib */,
				0E8D91571AE4BED300B036E9 /* Supporting Files */,
				0E8D917D1AE4BF1E00B036E9 /* LeftMenuViewController.h */,
				0E8D917E1AE4BF1E00B036E9 /* LeftMenuViewController.m */,
				0E8D91801AE4BF3400B036E9 /* RightMenuViewController.h */,
				0E8D91811AE4BF3400B036E9 /* RightMenuViewController.m */,
				0E8D91831AE4BF5500B036E9 /* MiddleViewController.h */,
				0E8D91841AE4BF5500B036E9 /* MiddleViewController.m */,
				0E8D91861AE4BF8100B036E9 /* DefinatonsHeader.h */,
				0EF495C91AE7276E00EB5684 /* AboutMeViewController.h */,
				0EF495CA1AE7276E00EB5684 /* AboutMeViewController.m */,
				0EF495CC1AE87BF600EB5684 /* User.h */,
				0EF495CD1AE87BF600EB5684 /* User.m */,
			);
			path = SideMenu;
			sourceTree = "<group>";
		};
		0E8D91571AE4BED300B036E9 /* Supporting Files */ = {
			isa = PBXGroup;
			children = (
				0E8D91581AE4BED300B036E9 /* Info.plist */,
				0E8D91591AE4BED300B036E9 /* main.m */,
			);
			name = "Supporting Files";
			sourceTree = "<group>";
		};
		0E8D91701AE4BED400B036E9 /* SideMenuTests */ = {
			isa = PBXGroup;
			children = (
				0E8D91731AE4BED400B036E9 /* SideMenuTests.m */,
				0E8D91711AE4BED400B036E9 /* Supporting Files */,
			);
			path = SideMenuTests;
			sourceTree = "<group>";
		};
		0E8D91711AE4BED400B036E9 /* Supporting Files */ = {
			isa = PBXGroup;
			children = (
				0E8D91721AE4BED400B036E9 /* Info.plist */,
			);
			name = "Supporting Files";
			sourceTree = "<group>";
		};
/* End PBXGroup section */

/* Begin PBXNativeTarget section */
		0E8D91531AE4BED300B036E9 /* SideMenu */ = {
			isa = PBXNativeTarget;
			buildConfigurationList = 0E8D91771AE4BED400B036E9 /* Build configuration list for PBXNativeTarget "SideMenu" */;
			buildPhases = (
				0E8D91501AE4BED300B036E9 /* Sources */,
				0E8D91511AE4BED300B036E9 /* Frameworks */,
				0E8D91521AE4BED300B036E9 /* Resources */,
			);
			buildRules = (
			);
			dependencies = (
			);
			name = SideMenu;
			productName = SideMenu;
			productReference = 0E8D91541AE4BED300B036E9 /* SideMenu.app */;
			productType = "com.apple.product-type.application";
		};
		0E8D916C1AE4BED400B036E9 /* SideMenuTests */ = {
			isa = PBXNativeTarget;
			buildConfigurationList = 0E8D917A1AE4BED400B036E9 /* Build configuration list for PBXNativeTarget "SideMenuTests" */;
			buildPhases = (
				0E8D91691AE4BED400B036E9 /* Sources */,
				0E8D916A1AE4BED400B036E9 /* Frameworks */,
				0E8D916B1AE4BED400B036E9 /* Resources */,
			);
			buildRules = (
			);
			dependencies = (
				0E8D916F1AE4BED400B036E9 /* PBXTargetDependency */,
			);
			name = SideMenuTests;
			productName = SideMenuTests;
			productReference = 0E8D916D1AE4BED400B036E9 /* SideMenuTests.xctest */;
			productType = "com.apple.product-type.bundle.unit-test";
		};
/* End PBXNativeTarget section */

/* Begin PBXProject section */
		0E8D914C1AE4BED300B036E9 /* Project object */ = {
			isa = PBXProject;
			attributes = {
				LastUpgradeCheck = 0620;
				ORGANIZATIONNAME = NiYao;
				TargetAttributes = {
					0E8D91531AE4BED300B036E9 = {
						CreatedOnToolsVersion = 6.2;
						DevelopmentTeam = 3HJV29F6VF;
					};
					0E8D916C1AE4BED400B036E9 = {
						CreatedOnToolsVersion = 6.2;
						DevelopmentTeam = 3HJV29F6VF;
						TestTargetID = 0E8D91531AE4BED300B036E9;
					};
				};
			};
			buildConfigurationList = 0E8D914F1AE4BED300B036E9 /* Build configuration list for PBXProject "SideMenu" */;
			compatibilityVersion = "Xcode 3.2";
			developmentRegion = English;
			hasScannedForEncodings = 0;
			knownRegions = (
				en,
				Base,
			);
			mainGroup = 0E8D914B1AE4BED300B036E9;
			productRefGroup = 0E8D91551AE4BED300B036E9 /* Products */;
			projectDirPath = "";
			projectRoot = "";
			targets = (
				0E8D91531AE4BED300B036E9 /* SideMenu */,
				0E8D916C1AE4BED400B036E9 /* SideMenuTests */,
			);
		};
/* End PBXProject section */

/* Begin PBXResourcesBuildPhase section */
		0E8D91521AE4BED300B036E9 /* Resources */ = {
			isa = PBXResourcesBuildPhase;
			buildActionMask = 2147483647;
			files = (
				0E8D91681AE4BED300B036E9 /* LaunchScreen.xib in Resources */,
				0EF496051AE9E55500EB5684 /* Settings.bundle in Resources */,
				0E8D91651AE4BED300B036E9 /* Images.xcassets in Resources */,
			);
			runOnlyForDeploymentPostprocessing = 0;
		};
		0E8D916B1AE4BED400B036E9 /* Resources */ = {
			isa = PBXResourcesBuildPhase;
			buildActionMask = 2147483647;
			files = (
			);
			runOnlyForDeploymentPostprocessing = 0;
		};
/* End PBXResourcesBuildPhase section */

/* Begin PBXSourcesBuildPhase section */
		0E8D91501AE4BED300B036E9 /* Sources */ = {
			isa = PBXSourcesBuildPhase;
			buildActionMask = 2147483647;
			files = (
				0EF495CE1AE87BF600EB5684 /* User.m in Sources */,
				0E8D91601AE4BED300B036E9 /* ViewController.m in Sources */,
				0E8D915D1AE4BED300B036E9 /* AppDelegate.m in Sources */,
				0E8D917F1AE4BF1E00B036E9 /* LeftMenuViewController.m in Sources */,
				0E8D915A1AE4BED300B036E9 /* main.m in Sources */,
				0EF495CB1AE7276E00EB5684 /* AboutMeViewController.m in Sources */,
				0E8D91821AE4BF3400B036E9 /* RightMenuViewController.m in Sources */,
				0E8D91851AE4BF5500B036E9 /* MiddleViewController.m in Sources */,
			);
			runOnlyForDeploymentPostprocessing = 0;
		};
		0E8D91691AE4BED400B036E9 /* Sources */ = {
			isa = PBXSourcesBuildPhase;
			buildActionMask = 2147483647;
			files = (
				0E8D91741AE4BED400B036E9 /* SideMenuTests.m in Sources */,
			);
			runOnlyForDeploymentPostprocessing = 0;
		};
/* End PBXSourcesBuildPhase section */

/* Begin PBXTargetDependency section */
		0E8D916F1AE4BED400B036E9 /* PBXTargetDependency */ = {
			isa = PBXTargetDependency;
			target = 0E8D91531AE4BED300B036E9 /* SideMenu */;
			targetProxy = 0E8D916E1AE4BED400B036E9 /* PBXContainerItemProxy */;
		};
/* End PBXTargetDependency section */

/* Begin PBXVariantGroup section */
		0E8D91661AE4BED300B036E9 /* LaunchScreen.xib */ = {
			isa = PBXVariantGroup;
			children = (
				0E8D91671AE4BED300B036E9 /* Base */,
			);
			name = LaunchScreen.xib;
			sourceTree = "<group>";
		};
/* End PBXVariantGroup section */

/* Begin XCBuildConfiguration section */
		0E8D91751AE4BED400B036E9 /* Debug */ = {
			isa = XCBuildConfiguration;
			buildSettings = {
				ALWAYS_SEARCH_USER_PATHS = NO;
				CLANG_CXX_LANGUAGE_STANDARD = "gnu++0x";
				CLANG_CXX_LIBRARY = "libc++";
				CLANG_ENABLE_MODULES = YES;
				CLANG_ENABLE_OBJC_ARC = YES;
				CLANG_WARN_BOOL_CONVERSION = YES;
				CLANG_WARN_CONSTANT_CONVERSION = YES;
				CLANG_WARN_DIRECT_OBJC_ISA_USAGE = YES_ERROR;
				CLANG_WARN_EMPTY_BODY = YES;
				CLANG_WARN_ENUM_CONVERSION = YES;
				CLANG_WARN_INT_CONVERSION = YES;
				CLANG_WARN_OBJC_ROOT_CLASS = YES_ERROR;
				CLANG_WARN_UNREACHABLE_CODE = YES;
				CLANG_WARN__DUPLICATE_METHOD_MATCH = YES;
				CODE_SIGN_IDENTITY = "iPhone Developer: Man Jiang (4ASDB362J8)";
				"CODE_SIGN_IDENTITY[sdk=iphoneos*]" = "iPhone Developer: Man Jiang (4ASDB362J8)";
				COPY_PHASE_STRIP = NO;
				ENABLE_STRICT_OBJC_MSGSEND = YES;
				GCC_C_LANGUAGE_STANDARD = gnu99;
				GCC_DYNAMIC_NO_PIC = NO;
				GCC_OPTIMIZATION_LEVEL = 0;
				GCC_PREPROCESSOR_DEFINITIONS = (
					"DEBUG=1",
					"$(inherited)",
				);
				GCC_SYMBOLS_PRIVATE_EXTERN = NO;
				GCC_WARN_64_TO_32_BIT_CONVERSION = YES;
				GCC_WARN_ABOUT_RETURN_TYPE = YES_ERROR;
				GCC_WARN_UNDECLARED_SELECTOR = YES;
				GCC_WARN_UNINITIALIZED_AUTOS = YES_AGGRESSIVE;
				GCC_WARN_UNUSED_FUNCTION = YES;
				GCC_WARN_UNUSED_VARIABLE = YES;
				IPHONEOS_DEPLOYMENT_TARGET = 7.1;
				MTL_ENABLE_DEBUG_INFO = YES;
				ONLY_ACTIVE_ARCH = YES;
				SDKROOT = iphoneos;
			};
			name = Debug;
		};
		0E8D91761AE4BED400B036E9 /* Release */ = {
			isa = XCBuildConfiguration;
			buildSettings = {
				ALWAYS_SEARCH_USER_PATHS = NO;
				CLANG_CXX_LANGUAGE_STANDARD = "gnu++0x";
				CLANG_CXX_LIBRARY = "libc++";
				CLANG_ENABLE_MODULES = YES;
				CLANG_ENABLE_OBJC_ARC = YES;
				CLANG_WARN_BOOL_CONVERSION = YES;
				CLANG_WARN_CONSTANT_CONVERSION = YES;
				CLANG_WARN_DIRECT_OBJC_ISA_USAGE = YES_ERROR;
				CLANG_WARN_EMPTY_BODY = YES;
				CLANG_WARN_ENUM_CONVERSION = YES;
				CLANG_WARN_INT_CONVERSION = YES;
				CLANG_WARN_OBJC_ROOT_CLASS = YES_ERROR;
				CLANG_WARN_UNREACHABLE_CODE = YES;
				CLANG_WARN__DUPLICATE_METHOD_MATCH = YES;
				CODE_SIGN_IDENTITY = "iPhone Developer: Man Jiang (4ASDB362J8)";
				"CODE_SIGN_IDENTITY[sdk=iphoneos*]" = "iPhone Developer: Man Jiang (4ASDB362J8)";
				COPY_PHASE_STRIP = NO;
				ENABLE_NS_ASSERTIONS = NO;
				ENABLE_STRICT_OBJC_MSGSEND = YES;
				GCC_C_LANGUAGE_STANDARD = gnu99;
				GCC_WARN_64_TO_32_BIT_CONVERSION = YES;
				GCC_WARN_ABOUT_RETURN_TYPE = YES_ERROR;
				GCC_WARN_UNDECLARED_SELECTOR = YES;
				GCC_WARN_UNINITIALIZED_AUTOS = YES_AGGRESSIVE;
				GCC_WARN_UNUSED_FUNCTION = YES;
				GCC_WARN_UNUSED_VARIABLE = YES;
				IPHONEOS_DEPLOYMENT_TARGET = 7.1;
				MTL_ENABLE_DEBUG_INFO = NO;
				SDKROOT = iphoneos;
				VALIDATE_PRODUCT = YES;
			};
			name = Release;
		};
		0E8D91781AE4BED400B036E9 /* Debug */ = {
			isa = XCBuildConfiguration;
			buildSettings = {
				ASSETCATALOG_COMPILER_APPICON_NAME = AppIcon;
				CODE_SIGN_IDENTITY = "iPhone Developer: Man Jiang (4ASDB362J8)";
				"CODE_SIGN_IDENTITY[sdk=iphoneos*]" = "iPhone Developer: Man Jiang (4ASDB362J8)";
				INFOPLIST_FILE = SideMenu/Info.plist;
				LD_RUNPATH_SEARCH_PATHS = "$(inherited) @executable_path/Frameworks";
				PRODUCT_NAME = "$(TARGET_NAME)";
				PROVISIONING_PROFILE = "";
			};
			name = Debug;
		};
		0E8D91791AE4BED400B036E9 /* Release */ = {
			isa = XCBuildConfiguration;
			buildSettings = {
				ASSETCATALOG_COMPILER_APPICON_NAME = AppIcon;
				CODE_SIGN_IDENTITY = "iPhone Developer: Man Jiang (4ASDB362J8)";
				"CODE_SIGN_IDENTITY[sdk=iphoneos*]" = "iPhone Developer: Man Jiang (4ASDB362J8)";
				INFOPLIST_FILE = SideMenu/Info.plist;
				LD_RUNPATH_SEARCH_PATHS = "$(inherited) @executable_path/Frameworks";
				PRODUCT_NAME = "$(TARGET_NAME)";
				PROVISIONING_PROFILE = "";
			};
			name = Release;
		};
		0E8D917B1AE4BED400B036E9 /* Debug */ = {
			isa = XCBuildConfiguration;
			buildSettings = {
				BUNDLE_LOADER = "$(TEST_HOST)";
				CODE_SIGN_IDENTITY = "iPhone Developer";
				"CODE_SIGN_IDENTITY[sdk=iphoneos*]" = "iPhone Developer";
				FRAMEWORK_SEARCH_PATHS = (
					"$(SDKROOT)/Developer/Library/Frameworks",
					"$(inherited)",
				);
				GCC_PREPROCESSOR_DEFINITIONS = (
					"DEBUG=1",
					"$(inherited)",
				);
				INFOPLIST_FILE = SideMenuTests/Info.plist;
				LD_RUNPATH_SEARCH_PATHS = "$(inherited) @executable_path/Frameworks @loader_path/Frameworks";
				PRODUCT_NAME = "$(TARGET_NAME)";
				PROVISIONING_PROFILE = "";
				TEST_HOST = "$(BUILT_PRODUCTS_DIR)/SideMenu.app/SideMenu";
			};
			name = Debug;
		};
		0E8D917C1AE4BED400B036E9 /* Release */ = {
			isa = XCBuildConfiguration;
			buildSettings = {
				BUNDLE_LOADER = "$(TEST_HOST)";
				CODE_SIGN_IDENTITY = "iPhone Developer";
				"CODE_SIGN_IDENTITY[sdk=iphoneos*]" = "iPhone Developer";
				FRAMEWORK_SEARCH_PATHS = (
					"$(SDKROOT)/Developer/Library/Frameworks",
					"$(inherited)",
				);
				INFOPLIST_FILE = SideMenuTests/Info.plist;
				LD_RUNPATH_SEARCH_PATHS = "$(inherited) @executable_path/Frameworks @loader_path/Frameworks";
				PRODUCT_NAME = "$(TARGET_NAME)";
				PROVISIONING_PROFILE = "";
				TEST_HOST = "$(BUILT_PRODUCTS_DIR)/SideMenu.app/SideMenu";
			};
			name = Release;
		};
/* End XCBuildConfiguration section */

/* Begin XCConfigurationList section */
		0E8D914F1AE4BED300B036E9 /* Build configuration list for PBXProject "SideMenu" */ = {
			isa = XCConfigurationList;
			buildConfigurations = (
				0E8D91751AE4BED400B036E9 /* Debug */,
				0E8D91761AE4BED400B036E9 /* Release */,
			);
			defaultConfigurationIsVisible = 0;
			defaultConfigurationName = Release;
		};
		0E8D91771AE4BED400B036E9 /* Build configuration list for PBXNativeTarget "SideMenu" */ = {
			isa = XCConfigurationList;
			buildConfigurations = (
				0E8D91781AE4BED400B036E9 /* Debug */,
				0E8D91791AE4BED400B036E9 /* Release */,
			);
			defaultConfigurationIsVisible = 0;
			defaultConfigurationName = Release;
		};
		0E8D917A1AE4BED400B036E9 /* Build configuration list for PBXNativeTarget "SideMenuTests" */ = {
			isa = XCConfigurationList;
			buildConfigurations = (
				0E8D917B1AE4BED400B036E9 /* Debug */,
				0E8D917C1AE4BED400B036E9 /* Release */,
			);
			defaultConfigurationIsVisible = 0;
			defaultConfigurationName = Release;
		};
/* End XCConfigurationList section */
	};
	rootObject = 0E8D914C1AE4BED300B036E9 /* Project object */;
}
